Microsoft Visual Studio Solution File, Format Version 12.00
# Visual Studio Version 18
VisualStudioVersion = 18.5.11723.231
MinimumVisualStudioVersion = 10.0.40219.1
Project("{FAE04EC0-301F-11D3-BF4B-00C04F79EFBC}") = "CostVision.Web", "CostVision.Web\CostVision.Web.csproj", "{5933463C-A010-D9E9-1BDA-505F00CB6C13}"
EndProject
Project("{FAE04EC0-301F-11D3-BF4B-00C04F79EFBC}") = "CostVision.Domain", "CostVision.Domain\CostVision.Domain.csproj", "{8519B3BF-0D2A-47B0-8E81-84CFBA011CC2}"
EndProject
Project("{FAE04EC0-301F-11D3-BF4B-00C04F79EFBC}") = "CostVision.Application", "CostVision.Application\CostVision.Application.csproj", "{9378188D-02B2-4F5C-BB81-3C26C0CCCC34}"
EndProject
Project("{FAE04EC0-301F-11D3-BF4B-00C04F79EFBC}") = "CostVision.Infrastructure", "CostVision.Infrastructure\CostVision.Infrastructure.csproj", "{B81BB55B-DA25-4D86-9AC1-A95B9E29AC21}"
EndProject
Project("{FAE04EC0-301F-11D3-BF4B-00C04F79EFBC}") = "CostVision.Application.UnitTests", "CostVision.Application.UnitTests\CostVision.Application.UnitTests.csproj", "{7D116D94-87D6-4FE9-9F0A-097FA6B26F90}"
EndProject
Project("{FAE04EC0-301F-11D3-BF4B-00C04F79EFBC}") = "CostVision.Infrastructure.UnitTests", "CostVision.Infrastructure.UnitTests\CostVision.Infrastructure.UnitTests.csproj", "{3F07F289-E6C9-485D-9174-26EC3DE7C432}"
EndProject
Project("{FAE04EC0-301F-11D3-BF4B-00C04F79EFBC}") = "CostVision.Infrastructure.IntegrationTests", "CostVision.Infrastructure.IntegrationTests\CostVision.Infrastructure.IntegrationTests.csproj", "{A48145F4-59DA-4D09-9D47-571C5D7BD8EA}"
EndProject
Project("{FAE04EC0-301F-11D3-BF4B-00C04F79EFBC}") = "CostVision.Web.UnitTests", "CostVision.Web.UnitTests\CostVision.Web.UnitTests.csproj", "{9013C67C-45CB-4F42-B1C0-E55EB8D3F3CE}"
EndProject
Global
	GlobalSection(SolutionConfigurationPlatforms) = preSolution
		Debug|Any CPU = Debug|Any CPU
		Release|Any CPU = Release|Any CPU
	EndGlobalSection
	GlobalSection(ProjectConfigurationPlatforms) = postSolution
		{5933463C-A010-D9E9-1BDA-505F00CB6C13}.Debug|Any CPU.ActiveCfg = Debug|Any CPU
		{5933463C-A010-D9E9-1BDA-505F00CB6C13}.Debug|Any CPU.Build.0 = Debug|Any CPU
		{5933463C-A010-D9E9-1BDA-505F00CB6C13}.Release|Any CPU.ActiveCfg = Release|Any CPU
		{5933463C-A010-D9E9-1BDA-505F00CB6C13}.Release|Any CPU.Build.0 = Release|Any CPU
		{8519B3BF-0D2A-47B0-8E81-84CFBA011CC2}.Debug|Any CPU.ActiveCfg = Debug|Any CPU
		{8519B3BF-0D2A-47B0-8E81-84CFBA011CC2}.Debug|Any CPU.Build.0 = Debug|Any CPU
		{8519B3BF-0D2A-47B0-8E81-84CFBA011CC2}.Release|Any CPU.ActiveCfg = Release|Any CPU
		{8519B3BF-0D2A-47B0-8E81-84CFBA011CC2}.Release|Any CPU.Build.0 = Release|Any CPU
		{9378188D-02B2-4F5C-BB81-3C26C0CCCC34}.Debug|Any CPU.ActiveCfg = Debug|Any CPU
		{9378188D-02B2-4F5C-BB81-3C26C0CCCC34}.Debug|Any CPU.Build.0 = Debug|Any CPU
		{9378188D-02B2-4F5C-BB81-3C26C0CCCC34}.Release|Any CPU.ActiveCfg = Release|Any CPU
		{9378188D-02B2-4F5C-BB81-3C26C0CCCC34}.Release|Any CPU.Build.0 = Release|Any CPU
		{B81BB55B-DA25-4D86-9AC1-A95B9E29AC21}.Debug|Any CPU.ActiveCfg = Debug|Any CPU
		{B81BB55B-DA25-4D86-9AC1-A95B9E29AC21}.Debug|Any CPU.Build.0 = Debug|Any CPU
		{B81BB55B-DA25-4D86-9AC1-A95B9E29AC21}.Release|Any CPU.ActiveCfg = Release|Any CPU
		{B81BB55B-DA25-4D86-9AC1-A95B9E29AC21}.Release|Any CPU.Build.0 = Release|Any CPU
		{7D116D94-87D6-4FE9-9F0A-097FA6B26F90}.Debug|Any CPU.ActiveCfg = Debug|Any CPU
		{7D116D94-87D6-4FE9-9F0A-097FA6B26F90}.Debug|Any CPU.Build.0 = Debug|Any CPU
		{7D116D94-87D6-4FE9-9F0A-097FA6B26F90}.Release|Any CPU.ActiveCfg = Release|Any CPU
		{7D116D94-87D6-4FE9-9F0A-097FA6B26F90}.Release|Any CPU.Build.0 = Release|Any CPU
		{3F07F289-E6C9-485D-9174-26EC3DE7C432}.Debug|Any CPU.ActiveCfg = Debug|Any CPU
		{3F07F289-E6C9-485D-9174-26EC3DE7C432}.Debug|Any CPU.Build.0 = Debug|Any CPU
		{3F07F289-E6C9-485D-9174-26EC3DE7C432}.Release|Any CPU.ActiveCfg = Release|Any CPU
		{3F07F289-E6C9-485D-9174-26EC3DE7C432}.Release|Any CPU.Build.0 = Release|Any CPU
		{A48145F4-59DA-4D09-9D47-571C5D7BD8EA}.Debug|Any CPU.ActiveCfg = Debug|Any CPU
		{A48145F4-59DA-4D09-9D47-571C5D7BD8EA}.Debug|Any CPU.Build.0 = Debug|Any CPU
		{A48145F4-59DA-4D09-9D47-571C5D7BD8EA}.Release|Any CPU.ActiveCfg = Release|Any CPU
		{A48145F4-59DA-4D09-9D47-571C5D7BD8EA}.Release|Any CPU.Build.0 = Release|Any CPU
		{9013C67C-45CB-4F42-B1C0-E55EB8D3F3CE}.Debug|Any CPU.ActiveCfg = Debug|Any CPU
		{9013C67C-45CB-4F42-B1C0-E55EB8D3F3CE}.Debug|Any CPU.Build.0 = Debug|Any CPU
		{9013C67C-45CB-4F42-B1C0-E55EB8D3F3CE}.Release|Any CPU.ActiveCfg = Release|Any CPU
		{9013C67C-45CB-4F42-B1C0-E55EB8D3F3CE}.Release|Any CPU.Build.0 = Release|Any CPU
	EndGlobalSection
	GlobalSection(SolutionProperties) = preSolution
		HideSolutionNode = FALSE
	EndGlobalSection
	GlobalSection(ExtensibilityGlobals) = postSolution
		SolutionGuid = {415C423E-2942-4E6C-930F-93427DBBD7D1}
	EndGlobalSection
EndGlobal
